<?xml version="1.0" encoding="UTF-8" standalone="yes" ?>
<CodeBlocks_project_file>
	<FileVersion major="1" minor="6" />
	<Project>
		<Option title="PC3DGameEngine" />
		<Option pch_mode="2" />
		<Option compiler="gcc" />
		<Build>
			<Target title="Debug">
				<Option output="bin/Debug/PC3DGameEngine" prefix_auto="1" extension_auto="1" />
				<Option object_output="obj/Debug/" />
				<Option type="1" />
				<Option compiler="gcc" />
				<Compiler>
					<Add option="-g" />
				</Compiler>
				<Linker>
					<Add library="tools/glew/lib/Release/Win32/glew32s.lib" />
					<Add library="tools/SOIL/lib/libSOIL.a" />
					<Add library="tools/assimp/lib/assimp.lib" />
					<Add library="tools/gl/libs/libglu32.a" />
					<Add library="tools/glfw/lib-mingw/libglfw3dll.a" />
					<Add library="tools/gl/libs/libopengl32.a" />
					<Add library="tools/gl/libs/libgdi32.a" />
				</Linker>
			</Target>
			<Target title="Release">
				<Option output="bin/Release/PC3DGameEngine" prefix_auto="1" extension_auto="1" />
				<Option object_output="obj/Release/" />
				<Option type="1" />
				<Option compiler="gcc" />
				<Compiler>
					<Add option="-O2" />
				</Compiler>
				<Linker>
					<Add option="-s" />
					<Add library="tools/glew/lib/Release/Win32/glew32s.lib" />
					<Add library="tools/SOIL/lib/libSOIL.a" />
					<Add library="tools/assimp/lib/assimp.lib" />
					<Add library="tools/gl/libs/libglu32.a" />
					<Add library="tools/glfw/lib-mingw/libglfw3dll.a" />
					<Add library="tools/gl/libs/libopengl32.a" />
					<Add library="tools/gl/libs/libgdi32.a" />
				</Linker>
			</Target>
		</Build>
		<Compiler>
			<Add option="-Wall" />
		</Compiler>
		<Unit filename="Core/BaseActors/BaseActor.cpp" />
		<Unit filename="Core/BaseActors/BaseActor.h" />
		<Unit filename="Core/BaseActors/Dynamic.cpp" />
		<Unit filename="Core/BaseActors/Dynamic.h" />
		<Unit filename="Core/BaseActors/LightSource.h" />
		<Unit filename="Core/BaseActors/Physical.cpp" />
		<Unit filename="Core/BaseActors/Physical.h" />
		<Unit filename="Core/BaseActors/Renderable.cpp" />
		<Unit filename="Core/BaseActors/Renderable.h" />
		<Unit filename="Core/Common/BasePrimitiveTypes.h" />
		<Unit filename="Core/Common/Math.h" />
		<Unit filename="Core/Common/StringOP.cpp" />
		<Unit filename="Core/Common/StringOP.h" />
		<Unit filename="Core/Common/Thread.h" />
		<Unit filename="Core/Common/Timer.cpp" />
		<Unit filename="Core/Common/Timer.h" />
		<Unit filename="Core/Graphics/GLRenderer.cpp" />
		<Unit filename="Core/Graphics/GLRenderer.h" />
		<Unit filename="Core/Graphics/Model3D.cpp" />
		<Unit filename="Core/Graphics/Model3D.h" />
		<Unit filename="Core/Graphics/Window.cpp" />
		<Unit filename="Core/Graphics/Window.h" />
		<Unit filename="Core/Graphics/glHeaders.h" />
		<Unit filename="Core/Physics/ParticleSystem.h" />
		<Unit filename="Core/Physics/PhysicsEngine.cpp" />
		<Unit filename="Core/Physics/PhysicsEngine.h" />
		<Unit filename="Core/Scene/Camera.cpp" />
		<Unit filename="Core/Scene/Camera.h" />
		<Unit filename="Core/Scene/GameScene.cpp" />
		<Unit filename="Core/Scene/GameScene.h" />
		<Unit filename="test/Test.cpp" />
		<Unit filename="test/Test.h" />
		<Unit filename="test/main.cpp" />
		<Extensions>
			<code_completion />
			<envvars />
			<debugger />
			<lib_finder disable_auto="1" />
		</Extensions>
	</Project>
</CodeBlocks_project_file>
